
Microsoft Visual Studio Solution File, Format Version 12.00
# Visual Studio Version 17
VisualStudioVersion = 17.3.32819.101
MinimumVisualStudioVersion = 10.0.40219.1
Project("{FAE04EC0-301F-11D3-BF4B-00C04F79EFBC}") = "Diagnostico4", "Diagnostico4\Diagnostico4.csproj", "{D04EC99B-12F0-4E35-A8DE-40057E5FE65A}"
EndProject
Global
	GlobalSection(SolutionConfigurationPlatforms) = preSolution
		Debug|Any CPU = Debug|Any CPU
		Release|Any CPU = Release|Any CPU
	EndGlobalSection
	GlobalSection(ProjectConfigurationPlatforms) = postSolution
		{D04EC99B-12F0-4E35-A8DE-40057E5FE65A}.Debug|Any CPU.ActiveCfg = Debug|Any CPU
		{D04EC99B-12F0-4E35-A8DE-40057E5FE65A}.Debug|Any CPU.Build.0 = Debug|Any CPU
		{D04EC99B-12F0-4E35-A8DE-40057E5FE65A}.Release|Any CPU.ActiveCfg = Release|Any CPU
		{D04EC99B-12F0-4E35-A8DE-40057E5FE65A}.Release|Any CPU.Build.0 = Release|Any CPU
	EndGlobalSection
	GlobalSection(SolutionProperties) = preSolution
		HideSolutionNode = FALSE
	EndGlobalSection
	GlobalSection(ExtensibilityGlobals) = postSolution
		SolutionGuid = {7020AF32-15B9-4A06-9455-2D84FEED10E7}
	EndGlobalSection
EndGlobal
